
Microsoft Visual Studio Solution File, Format Version 12.00
# Visual Studio Version 16
VisualStudioVersion = 16.0.32228.343
MinimumVisualStudioVersion = 10.0.40219.1
Project("{FAE04EC0-301F-11D3-BF4B-00C04F79EFBC}") = "FilterExample", "FilterExample\FilterExample.csproj", "{5F4F6D49-0870-49C5-8970-1AE8E86FFC27}"
EndProject
Project("{FAE04EC0-301F-11D3-BF4B-00C04F79EFBC}") = "FilterExample.DataAccess", "FilterExample.DataAccess\FilterExample.DataAccess.csproj", "{37043DE2-E67F-4E09-91A8-71E9930AF7AB}"
EndProject
Project("{FAE04EC0-301F-11D3-BF4B-00C04F79EFBC}") = "FilterExample.Test", "FilterExample.Test\FilterExample.Test.csproj", "{0337D7F5-6CDC-4009-AB28-775AAD878B54}"
EndProject
Global
	GlobalSection(SolutionConfigurationPlatforms) = preSolution
		Debug|Any CPU = Debug|Any CPU
		Release|Any CPU = Release|Any CPU
	EndGlobalSection
	GlobalSection(ProjectConfigurationPlatforms) = postSolution
		{5F4F6D49-0870-49C5-8970-1AE8E86FFC27}.Debug|Any CPU.ActiveCfg = Debug|Any CPU
		{5F4F6D49-0870-49C5-8970-1AE8E86FFC27}.Debug|Any CPU.Build.0 = Debug|Any CPU
		{5F4F6D49-0870-49C5-8970-1AE8E86FFC27}.Release|Any CPU.ActiveCfg = Release|Any CPU
		{5F4F6D49-0870-49C5-8970-1AE8E86FFC27}.Release|Any CPU.Build.0 = Release|Any CPU
		{37043DE2-E67F-4E09-91A8-71E9930AF7AB}.Debug|Any CPU.ActiveCfg = Debug|Any CPU
		{37043DE2-E67F-4E09-91A8-71E9930AF7AB}.Debug|Any CPU.Build.0 = Debug|Any CPU
		{37043DE2-E67F-4E09-91A8-71E9930AF7AB}.Release|Any CPU.ActiveCfg = Release|Any CPU
		{37043DE2-E67F-4E09-91A8-71E9930AF7AB}.Release|Any CPU.Build.0 = Release|Any CPU
		{0337D7F5-6CDC-4009-AB28-775AAD878B54}.Debug|Any CPU.ActiveCfg = Debug|Any CPU
		{0337D7F5-6CDC-4009-AB28-775AAD878B54}.Debug|Any CPU.Build.0 = Debug|Any CPU
		{0337D7F5-6CDC-4009-AB28-775AAD878B54}.Release|Any CPU.ActiveCfg = Release|Any CPU
		{0337D7F5-6CDC-4009-AB28-775AAD878B54}.Release|Any CPU.Build.0 = Release|Any CPU
	EndGlobalSection
	GlobalSection(SolutionProperties) = preSolution
		HideSolutionNode = FALSE
	EndGlobalSection
	GlobalSection(ExtensibilityGlobals) = postSolution
		SolutionGuid = {3973A635-755C-4D2C-9F71-D8BE64385179}
	EndGlobalSection
EndGlobal
